
Microsoft Visual Studio Solution File, Format Version 12.00
# Visual Studio Version 16
VisualStudioVersion = 16.0.32002.261
MinimumVisualStudioVersion = 10.0.40219.1
Project("{FAE04EC0-301F-11D3-BF4B-00C04F79EFBC}") = "Dapper-Demo", "Dapper-Demo\Dapper-Demo.csproj", "{04B059FE-11B4-4A48-A2FB-C866370EA36F}"
EndProject
Global
	GlobalSection(SolutionConfigurationPlatforms) = preSolution
		Debug|Any CPU = Debug|Any CPU
		Release|Any CPU = Release|Any CPU
	EndGlobalSection
	GlobalSection(ProjectConfigurationPlatforms) = postSolution
		{04B059FE-11B4-4A48-A2FB-C866370EA36F}.Debug|Any CPU.ActiveCfg = Debug|Any CPU
		{04B059FE-11B4-4A48-A2FB-C866370EA36F}.Debug|Any CPU.Build.0 = Debug|Any CPU
		{04B059FE-11B4-4A48-A2FB-C866370EA36F}.Release|Any CPU.ActiveCfg = Release|Any CPU
		{04B059FE-11B4-4A48-A2FB-C866370EA36F}.Release|Any CPU.Build.0 = Release|Any CPU
	EndGlobalSection
	GlobalSection(SolutionProperties) = preSolution
		HideSolutionNode = FALSE
	EndGlobalSection
	GlobalSection(ExtensibilityGlobals) = postSolution
		SolutionGuid = {57C614C2-3FD8-45C5-AF6C-513FC0CACC40}
	EndGlobalSection
EndGlobal
